lockfileVersion: '9.0'

settings:
  autoInstallPeers: true
  excludeLinksFromLockfile: false

catalogs:
  default:
    oxfmt:
      specifier: ^0.63.0
      version: 0.63.0
    oxlint:
      specifier: ^1.78.0
      version: 1.78.0
    oxlint-tsgolint:
      specifier: ^7.0.2001
      version: 7.0.2001
    vite:
      specifier: ^8.2.0
      version: 8.2.1

importers:

  .:
    devDependencies:
      '@types/node':
        specifier: ^24.13.3
        version: 24.13.3
      '@valentinusz/oxfmt-config':
        specifier: workspace:*
        version: link:packages/@valentinusz/oxfmt
      '@valentinusz/oxlint-config':
        specifier: workspace:*
        version: link:packages/@valentinusz/oxlint
      oxfmt:
        specifier: 'catalog:'
        version: 0.63.0
      oxlint:
        specifier: 'catalog:'
        version: 1.78.0(oxlint-tsgolint@7.0.2001)
      oxlint-tsgolint:
        specifier: 'catalog:'
        version: 7.0.2001
      typescript:
        specifier: ~6.0.2
        version: 6.0.3
      unplugin-dts:
        specifier: ^1.0.3
        version: 1.0.3(rolldown@1.2.4)(typescript@6.0.3)(vite@8.2.1(@types/node@24.13.3))
      vite:
        specifier: 'catalog:'
        version: 8.2.1(@types/node@24.13.3)

  packages/@internal/vite-config:
    devDependencies:
      vite:
        specifier: 'catalog:'
        version: 8.2.1(@types/node@24.13.3)

  packages/@valentinusz/oxfmt:
    dependencies:
      oxfmt:
        specifier: 'catalog:'
        version: 0.63.0
    devDependencies:
      '@internal/vite-config':
        specifier: workspace:*
        version: link:../../@internal/vite-config
      vite:
        specifier: 'catalog:'
        version: 8.2.1(@types/node@24.13.3)

  packages/@valentinusz/oxlint:
    dependencies:
      oxlint:
        specifier: 'catalog:'
        version: 1.78.0(oxlint-tsgolint@7.0.2001)
      oxlint-tsgolint:
        specifier: 'catalog:'
        version: 7.0.2001
    devDependencies:
      '@internal/vite-config':
        specifier: workspace:*
        version: link:../../@internal/vite-config
      vite:
        specifier: 'catalog:'
        version: 8.2.1(@types/node@24.13.3)

packages:

  '@jridgewell/gen-mapping@0.3.13':
    resolution: {integrity: sha512-2kkt/7niJ6MgEPxF0bYdQ6etZaA+fQvDcLKckhy1yIQOzaoKjBBjSj63/aLVjYE3qhRt5dvM+uUyfCg6UKCBbA==}

  '@jridgewell/remapping@2.3.5':
    resolution: {integrity: sha512-LI9u/+laYG4Ds1TDKSJW2YPrIlcVYOwi2fUC6xB43lueCjgxV4lffOCZCtYFiH6TNOX+tQKXx97T4IKHbhyHEQ==}

  '@jridgewell/resolve-uri@3.1.2':
    resolution: {integrity: sha512-bRISgCIjP20/tbWSPWMEi54QVPRZExkuD9lJL+UIxUKtwVJA8wW1Trb1jMs1RFXo1CBTNZ/5hpC9QvmKWdopKw==}
    engines: {node: '>=6.0.0'}

  '@jridgewell/sourcemap-codec@1.5.5':
    resolution: {integrity: sha512-cYQ9310grqxueWbl+WuIUIaiUaDcj7WOq5fVhEljNVgRfOUhY9fy2zTvfoqWsnebh8Sl70VScFbICvJnLKB0Og==}

  '@jridgewell/trace-mapping@0.3.31':
    resolution: {integrity: sha512-zzNR+SdQSDJzc8joaeP8QQoCQr8NuYx2dIIytl1QeBEZHJ9uW6hebsrYgbz8hJwUQao3TWCMtmfV8Nu1twOLAw==}

  '@oxc-project/types@0.144.0':
    resolution: {integrity: sha512-nuhZIOLuI6TFQ32I/WnUx+SCPY7SdSKwgnFHydAuoS1+Z4BRcaP+RRJmGzl9lw+0OFF7UmaESf7KQRXaNLHypg==}

  '@oxfmt/binding-android-arm-eabi@0.63.0':
    resolution: {integrity: sha512-YmRth4ZPGgEXcgmkhvANbC9uD67dxmSobW7DQuyt5tOBOKvPnIpk5SVHBj88E+7wMNRI2FhqaDbOhQFBix+b8A==}
    engines: {node: ^20.19.0 || >=22.12.0}
    cpu: [arm]
    os: [android]

  '@oxfmt/binding-android-arm64@0.63.0':
    resolution: {integrity: sha512-icbahX8X2X3sRamOMecvdYeZXWjPDazRDIfvWfy7Ca1nc/ZDT2Y9k5Nt7s46EqFd7NQPdgk+CM3/SgIT5LPCaQ==}
    engines: {node: ^20.19.0 || >=22.12.0}
    cpu: [arm64]
    os: [android]

  '@oxfmt/binding-darwin-arm64@0.63.0':
    resolution: {integrity: sha512-WV+Ze5v5gI2qoj8jpAovt8KBTW8pjEz/AiMXXjeTQS+Bmf/MmZXTS40S8xNPDszX+W8WDv2Bbk6qKrMTtUGu1A==}
    engines: {node: ^20.19.0 || >=22.12.0}
    cpu: [arm64]
    os: [darwin]

  '@oxfmt/binding-darwin-x64@0.63.0':
    resolution: {integrity: sha512-CJGSBdDxXOWIpoFXHpverimCvz084KA7L483rqJ44c3jDtzv6d4qOSoR/V9ywSHfV+Ks1lwIj2P49BFhunLNAA==}
    engines: {node: ^20.19.0 || >=22.12.0}
    cpu: [x64]
    os: [darwin]

  '@oxfmt/binding-freebsd-x64@0.63.0':
    resolution: {integrity: sha512-BDfKY+KhL2078cgswBBFQPAYuxCy93bS/iC5frdSeSbTLcGrR6VC2hsuPTanoJmg84+wSyWl0wWC1eR+uTnkRg==}
    engines: {node: ^20.19.0 || >=22.12.0}
    cpu: [x64]
    os: [freebsd]

  '@oxfmt/binding-linux-arm-gnueabihf@0.63.0':
    resolution: {integrity: sha512-Ov1cQEXT4mj7cojAokWSS1eoxkoyvbDfAbxNsGIKY2o36kvdAaFzPxRN6NxFRk9fD72B8oCoTTX/NuYTUWlpsg==}
    engines: {node: ^20.19.0 || >=22.12.0}
    cpu: [arm]
    os: [linux]

  '@oxfmt/binding-linux-arm-musleabihf@0.63.0':
    resolution: {integrity: sha512-0LE7ro3+6L79jcMANycAZfRaC7zxr9YZ2+vEL5uMD9QlEep+rS/r1kSJsnuLl991NXJZD60euh0PC1GHrR20vw==}
    engines: {node: ^20.19.0 || >=22.12.0}
    cpu: [arm]
    os: [linux]

  '@oxfmt/binding-linux-arm64-gnu@0.63.0':
    resolution: {integrity: sha512-izPk+2Z4gjuZK32Fqh5qXoMpT/2NXzLh++ob57HiEiVSQZ1iYXu8EKMzb+K5AvWyIEXhdDIt7ADjGGtFhkT9Bw==}
    engines: {node: ^20.19.0 || >=22.12.0}
    cpu: [arm64]
    os: [linux]
    libc: [glibc]

  '@oxfmt/binding-linux-arm64-musl@0.63.0':
    resolution: {integrity: sha512-alPmbOuWXFXiSo+lOtv6X71C7SYMEDW2WVvywOvf9BwKgEhSNGhMTLeFVSjKUMCamcjbbgVdsWF8GN1uy8xshg==}
    engines: {node: ^20.19.0 || >=22.12.0}
    cpu: [arm64]
    os: [linux]
    libc: [musl]

  '@oxfmt/binding-linux-ppc64-gnu@0.63.0':
    resolution: {integrity: sha512-BdzCPvolJc4AWZ+YMzgUDJcDzbQWrFjYuqBHoNHNqP1aCaluQRJNs4k3vNU5IG7vTpjf9zeD73D7MFM1TecZpg==}
    engines: {node: ^20.19.0 || >=22.12.0}
    cpu: [ppc64]
    os: [linux]
    libc: [glibc]

  '@oxfmt/binding-linux-riscv64-gnu@0.63.0':
    resolution: {integrity: sha512-7sIgfLzqtNKSkMGsGVyRpHwpjNezRg2XONvUOheFZs95TSZpM0JAuPpA8KrQFsWc4wPU95roX2O69JgH8igOgw==}
    engines: {node: ^20.19.0 || >=22.12.0}
    cpu: [riscv64]
    os: [linux]
    libc: [glibc]

  '@oxfmt/binding-linux-riscv64-musl@0.63.0':
    resolution: {integrity: sha512-9Tcg0y0WcVa6Mm9AgcgFMseDS+VkFJZpKZ8We9SpDY4gg5jewSwln+0sO04QLcTS1BtfDl9MwR+NfID8L7PUTg==}
    engines: {node: ^20.19.0 || >=22.12.0}
    cpu: [riscv64]
    os: [linux]
    libc: [musl]

  '@oxfmt/binding-linux-s390x-gnu@0.63.0':
    resolution: {integrity: sha512-qWKC1pEOpx1qYhXaugPhHUeXwSfqEOk2wJH2LqVXGPV5iQYfdAZdt+d2XDiX4DTSWA2QDMUcFB+wEORh3Xn/sA==}
    engines: {node: ^20.19.0 || >=22.12.0}
    cpu: [s390x]
    os: [linux]
    libc: [glibc]

  '@oxfmt/binding-linux-x64-gnu@0.63.0':
    resolution: {integrity: sha512-S9wXYOiGSqYGS4Fx/TFsY+xDd/7dE5s+rUgbA4TsHiVF9e8J3ZcKmP7dsP/7iqLI9Wz7Ic7TzEr3mdthRCTdrA==}
    engines: {node: ^20.19.0 || >=22.12.0}
    cpu: [x64]
    os: [linux]
    libc: [glibc]

  '@oxfmt/binding-linux-x64-musl@0.63.0':
    resolution: {integrity: sha512-5eGyTJuMZNwBSHCivXt8Yuta6GeTYksOPXRk2MIhajiyFGQx7bjaHIwY+ZusAoFHhT157A9x6sktLjYo9D5oMQ==}
    engines: {node: ^20.19.0 || >=22.12.0}
    cpu: [x64]
    os: [linux]
    libc: [musl]

  '@oxfmt/binding-openharmony-arm64@0.63.0':
    resolution: {integrity: sha512-Rz7hx+Dv3DoW/S6pwVAyjfFXp7/trdQ1zg+vNmsdsdDNlUccugp4XNqambSuEAeP0DaG9k72AtNyfDXCEg0AGw==}
    engines: {node: ^20.19.0 || >=22.12.0}
    cpu: [arm64]
    os: [openharmony]

  '@oxfmt/binding-win32-arm64-msvc@0.63.0':
    resolution: {integrity: sha512-T/IuizKN9mr4Xw6YYnptkXRNdLkyIlUZ7c8zfTOBpoytZyJ1BAsMUvsMDEx0X4YvSMpaivm+DR8112rQfzC25g==}
    engines: {node: ^20.19.0 || >=22.12.0}
    cpu: [arm64]
    os: [win32]

  '@oxfmt/binding-win32-ia32-msvc@0.63.0':
    resolution: {integrity: sha512-XjrO5FJ5Wl9vsAxtCP1G/eaeT6y1K2s9CICUHGE42cEjou32/J6S+B1KnrOAboj6E7uhJnwPbRSvznWcxNdA0g==}
    engines: {node: ^20.19.0 || >=22.12.0}
    cpu: [ia32]
    os: [win32]

  '@oxfmt/binding-win32-x64-msvc@0.63.0':
    resolution: {integrity: sha512-sgsHCQy432OTQH4Ikk3tZptp3GqwnhwUDuY0loBH41zyHWfMZY9v8Dy78wsnSofHejvFozZGgJgBB1A0LQRwMQ==}
    engines: {node: ^20.19.0 || >=22.12.0}
    cpu: [x64]
    os: [win32]

  '@oxlint-tsgolint/darwin-arm64@7.0.2001':
    resolution: {integrity: sha512-CUJEdbSZ54+Xy9OXqOhWLTKZKV0BBiV7C2i/ygyVmXtkUNXx5YCzN8DpSSshTAKktoL7S+tnQ/ftFG/i7X896w==}
    cpu: [arm64]
    os: [darwin]

  '@oxlint-tsgolint/darwin-x64@7.0.2001':
    resolution: {integrity: sha512-pXfBb5BqONCcgrXQNUZWXgiYmRSWJzd97S8i41VVOh6ut0tyo+cJ5FKFpczDHxiVNfj/3e7c9B4MtztNdpIVCw==}
    cpu: [x64]
    os: [darwin]

  '@oxlint-tsgolint/linux-arm64@7.0.2001':
    resolution: {integrity: sha512-roP7zujb/QDPzDwEKsFFpzNHHy91/Y7oX9vQXk78ekyZtcQj1QXDIMH33gjDdHBfRl4K9pZ36xhRgrP4Zr+R8A==}
    cpu: [arm64]
    os: [linux]

  '@oxlint-tsgolint/linux-x64@7.0.2001':
    resolution: {integrity: sha512-UDezNqdECVmngu2TPnjaS1YoAmcTaBoI5lV9vk3VahBxoi+I5r9k3iJTT7qZoYWOXTD/7T7bNcwRgrocR6BscQ==}
    cpu: [x64]
    os: [linux]

  '@oxlint-tsgolint/win32-arm64@7.0.2001':
    resolution: {integrity: sha512-uJZhqB6pdXLuN+AD1F5082byyQti/NPmJA77GtcFlmT2HzRelqbNls3SaIqxpjdFgvSBF9g0yOKGBkGFg7kX8Q==}
    cpu: [arm64]
    os: [win32]

  '@oxlint-tsgolint/win32-x64@7.0.2001':
    resolution: {integrity: sha512-FkDRm8hx9OwzGQqyWG1tO5QrTLRApff9DzSgpz9QZau37BR8d1VYKOxMLGf6shPZntJFoTwIIJYT68VndYDCog==}
    cpu: [x64]
    os: [win32]

  '@oxlint/binding-android-arm-eabi@1.78.0':
    resolution: {integrity: sha512-Bu819lmAfZMUHErrpe0cEWj3iaefuUODHSU8+UbXy67V/r7/7f4K3FL0NmbD85E+wiFLDYuhP8Zlv0XnVeXshw==}
    engines: {node: ^20.19.0 || >=22.12.0}
    cpu: [arm]
    os: [android]

  '@oxlint/binding-android-arm64@1.78.0':
    resolution: {integrity: sha512-CDfxZgB61B7buRdY2FJoAYYPPXCZ1EoC1LKscnC5dg3kjobdxiconvAvvN1BmHyW4PyFT3jRLDag/BY/roSNBQ==}
    engines: {node: ^20.19.0 || >=22.12.0}
    cpu: [arm64]
    os: [android]

  '@oxlint/binding-darwin-arm64@1.78.0':
    resolution: {integrity: sha512-2Y2U9Ahrz+OO0Ej88f9SJYq51/jUBp1Mc7iZu0ukrbeeZ3gpRGfzIFnoqfHDY96xr0GEfNrPUBFEy0nN5aD7HA==}
    engines: {node: ^20.19.0 || >=22.12.0}
    cpu: [arm64]
    os: [darwin]

  '@oxlint/binding-darwin-x64@1.78.0':
    resolution: {integrity: sha512-rpych6eJq6m9jDRypTEaPD1xysaEW5h9+xuxhGK/QhOg+/xaqPZrCrTNoIl/f3nEjuJeCEmstNDlrE9rJi/3/g==}
    engines: {node: ^20.19.0 || >=22.12.0}
    cpu: [x64]
    os: [darwin]

  '@oxlint/binding-freebsd-x64@1.78.0':
    resolution: {integrity: sha512-IcMGrQT3QizkOESUJd5et+rOhVqSkNDfNik1cvrKDqIbzqx9KMtRswpFgkCuNTSwylCFLKhGUu8KmqY1ZnC0Dg==}
    engines: {node: ^20.19.0 || >=22.12.0}
    cpu: [x64]
    os: [freebsd]

  '@oxlint/binding-linux-arm-gnueabihf@1.78.0':
    resolution: {integrity: sha512-/uLdoJ0IXE6vo/0f0LKjinQAp+re+VMaCWaNT8ENIv2EOCkSsc8SGaflXAuW0Jua2dq5+GLVWm1NQK7P3UFSNQ==}
    engines: {node: ^20.19.0 || >=22.12.0}
    cpu: [arm]
    os: [linux]

  '@oxlint/binding-linux-arm-musleabihf@1.78.0':
    resolution: {integrity: sha512-7xi4Wb/O8NRJhLoUXmDJMUVpNYvB5kefdhFU1Jb8rtae4QoXlTiLwI14X4YvAXVZLNZChP8m5qO9SQAlWQTbkQ==}
    engines: {node: ^20.19.0 || >=22.12.0}
    cpu: [arm]
    os: [linux]

  '@oxlint/binding-linux-arm64-gnu@1.78.0':
    resolution: {integrity: sha512-4hFW0+fVXa3OIh1Y4A5SPkmvI4wuuBSrCVKzOyE7PTjhc7yEqZ1pmvEEeS5Lj/MaqvegFxXyF33N+6jkehxdyg==}
    engines: {node: ^20.19.0 || >=22.12.0}
    cpu: [arm64]
    os: [linux]
    libc: [glibc]

  '@oxlint/binding-linux-arm64-musl@1.78.0':
    resolution: {integrity: sha512-oC0mvsgBJjlMijSDEhx9KuvR9zYeHXceA9MjbuXB1F8NSR78Yj2unOBrstEvTVaq+pko+kuue6DajC00eqvTdg==}
    engines: {node: ^20.19.0 || >=22.12.0}
    cpu: [arm64]
    os: [linux]
    libc: [musl]

  '@oxlint/binding-linux-ppc64-gnu@1.78.0':
    resolution: {integrity: sha512-XAllT5SUZS+ohjuZ3/5S0cwe0r7eboiuigeStCZ5DXRYx/2KVM2UvQXvAfyzXEimtQjAB7cDQ2YxDe2Zl2WNQQ==}
    engines: {node: ^20.19.0 || >=22.12.0}
    cpu: [ppc64]
    os: [linux]
    libc: [glibc]

  '@oxlint/binding-linux-riscv64-gnu@1.78.0':
    resolution: {integrity: sha512-trucMER/0QtecoXvc1y/UVqE3kwJipDwrx4oHfj+nNm3dq2zjP44WT0CfHNDPM3G1DXIkx/gY6lAD21NSCZVhA==}
    engines: {node: ^20.19.0 || >=22.12.0}
    cpu: [riscv64]
    os: [linux]
    libc: [glibc]

  '@oxlint/binding-linux-riscv64-musl@1.78.0':
    resolution: {integrity: sha512-cm3O4F/HQbdzOUX5mKHqG5KDL6E5w0pnlZ+fbBy2rmLryPOowkuLagFHTopQsEIpjcaZoPOrL+BmmAytAG9HFg==}
    engines: {node: ^20.19.0 || >=22.12.0}
    cpu: [riscv64]
    os: [linux]
    libc: [musl]

  '@oxlint/binding-linux-s390x-gnu@1.78.0':
    resolution: {integrity: sha512-33wRf6HqGNsybJ3qX4cGaQN2ODPxNmc1rMa0mrTmx3eFq1VzOnvQooi9bIGVYakW8a/wmqVx1mgsUm8R2xfTiw==}
    engines: {node: ^20.19.0 || >=22.12.0}
    cpu: [s390x]
    os: [linux]
    libc: [glibc]

  '@oxlint/binding-linux-x64-gnu@1.78.0':
    resolution: {integrity: sha512-rRdISSYegj6VganMZ9tjRjijowfHJ09IZU01i0toBAqr6n5LEtwHq2IeS4FjW2RoskOHlb6efB26H5izYb3GEQ==}
    engines: {node: ^20.19.0 || >=22.12.0}
    cpu: [x64]
    os: [linux]
    libc: [glibc]

  '@oxlint/binding-linux-x64-musl@1.78.0':
    resolution: {integrity: sha512-GmsP4rW0xTL6u5CVdcDsaN5Fbc7hBc382Wmar1kttbnwSEviM+rSINKOMQ+UQ6iH+AGwC+8gaAiwu134Tgh6Lg==}
    engines: {node: ^20.19.0 || >=22.12.0}
    cpu: [x64]
    os: [linux]
    libc: [musl]

  '@oxlint/binding-openharmony-arm64@1.78.0':
    resolution: {integrity: sha512-sy9yeYuADc8a+n4TLBayzMCZiHPW78DcIFVpOXTmdKHWQeM9xe5uzkqIIZmi326D5hY9XVwacipEB1p7tQjPAg==}
    engines: {node: ^20.19.0 || >=22.12.0}
    cpu: [arm64]
    os: [openharmony]

  '@oxlint/binding-win32-arm64-msvc@1.78.0':
    resolution: {integrity: sha512-rjc2hF1KfMi8fZj1X/m3AmnHbdsF3rL0v6KQg0Uc880Yb2khjz+3U14sfdZ7jWTpRnN1m1NQa/TT7uU9lJWPrA==}
    engines: {node: ^20.19.0 || >=22.12.0}
    cpu: [arm64]
    os: [win32]

  '@oxlint/binding-win32-ia32-msvc@1.78.0':
    resolution: {integrity: sha512-zcuXFVrEFHIafRfkCQT8w/Xe41o07ozl/vwHq7p94vB29xVzsB0sZGYORU1jhcYKv3Lr0J3HbJ2T4fHH5rWmvA==}
    engines: {node: ^20.19.0 || >=22.12.0}
    cpu: [ia32]
    os: [win32]

  '@oxlint/binding-win32-x64-msvc@1.78.0':
    resolution: {integrity: sha512-Sb5ocmLSuYeOuXd+CFOToGKp/gjXUEWDnvIGwhnh8aq8wY4TMmEnKnvbogSW7RdMZv77JSARduS7/gv+khYEjA==}
    engines: {node: ^20.19.0 || >=22.12.0}
    cpu: [x64]
    os: [win32]

  '@rolldown/binding-android-arm64@1.2.4':
    resolution: {integrity: sha512-jHC2cnyKz5xU2fhECtFl8OZ83cYNt13GZQD+0uMJ/X3o+ijmd56okHhTUwxVSHPx1IRVIJEZ1/1pPzeLCU6XKA==}
    engines: {node: ^20.19.0 || >=22.12.0}
    cpu: [arm64]
    os: [android]

  '@rolldown/binding-darwin-arm64@1.2.4':
    resolution: {integrity: sha512-Dc5mPD8F5F/FS8i01syd7FTF6yB2fVthH/TRkjwJkzUK6EpoxHtqvZQP5Zwq80/5z19TWYHIg1KOHboCgVx/aQ==}
    engines: {node: ^20.19.0 || >=22.12.0}
    cpu: [arm64]
    os: [darwin]

  '@rolldown/binding-darwin-x64@1.2.4':
    resolution: {integrity: sha512-fpDm4oBo6SqLvWUYCmFhdde3U9KH2fRNNMeAnAPAIwxRL345xutL0EtEUcuoxsoazdJGv/MuDBQHlCDrtbvqOg==}
    engines: {node: ^20.19.0 || >=22.12.0}
    cpu: [x64]
    os: [darwin]

  '@rolldown/binding-freebsd-x64@1.2.4':
    resolution: {integrity: sha512-rSJoreDE/HoIzoaib6MTp5jQtCTdMHKIvItAKT/ImS6Y6Ww76oUaeMyp4Vc/fAgd/ehji068IxetHXAnqUwN9A==}
    engines: {node: ^20.19.0 || >=22.12.0}
    cpu: [x64]
    os: [freebsd]

  '@rolldown/binding-linux-arm-gnueabihf@1.2.4':
    resolution: {integrity: sha512-/jm8OGHgn7oGaJu3i/qZI9spUGcJ+y/lk43ttQ/iO1tOd9NissG6o97bighBCiL+BKRngmcDuR6ikfwYdJmVuQ==}
    engines: {node: ^20.19.0 || >=22.12.0}
    cpu: [arm]
    os: [linux]

  '@rolldown/binding-linux-arm64-gnu@1.2.4':
    resolution: {integrity: sha512-tIP06BeD9EqvECBrPZ+sqdPlYrT+aYaAiu1wYziVx5elRK/ftm33JxVDy2bXGbr6J0CrtirCkR87/X5a2euEng==}
    engines: {node: ^20.19.0 || >=22.12.0}
    cpu: [arm64]
    os: [linux]
    libc: [glibc]

  '@rolldown/binding-linux-arm64-musl@1.2.4':
    resolution: {integrity: sha512-Ql1Q0EQqVThvn9VAVlwNzsUvbSFtCMGjLpRRi4pk5i7NZZ4n5ISiLMjHYtus4VQ2PvkSw24zyaCVsiS+sXPj1w==}
    engines: {node: ^20.19.0 || >=22.12.0}
    cpu: [arm64]
    os: [linux]
    libc: [musl]

  '@rolldown/binding-linux-ppc64-gnu@1.2.4':
    resolution: {integrity: sha512-GjbjXD4XXfN19D0LZNbmiCBUoDiRACsYHr0yaIbbn8aFsXjHZifcYqu/W5Er5X2X990WjHXFrxarn5chzItorQ==}
    engines: {node: ^20.19.0 || >=22.12.0}
    cpu: [ppc64]
    os: [linux]
    libc: [glibc]

  '@rolldown/binding-linux-s390x-gnu@1.2.4':
    resolution: {integrity: sha512-p5WR0NOwaRmJ/B1b6IjEFLLivwEsf3PrdBIhRbhTCQisbo2SvHHpG4ELB/+FgQNnB88LTOF86upmJmbvZdQ2lw==}
    engines: {node: ^20.19.0 || >=22.12.0}
    cpu: [s390x]
    os: [linux]
    libc: [glibc]

  '@rolldown/binding-linux-x64-gnu@1.2.4':
    resolution: {integrity: sha512-4/GyVjmhR+Tc6HLJvwc1sOhPqAZtySiSMesOZyX6JQ5XBxoTDEMKQzvo07NIK6nTon/SivlZqvhzvuVBNQhObQ==}
    engines: {node: ^20.19.0 || >=22.12.0}
    cpu: [x64]
    os: [linux]
    libc: [glibc]

  '@rolldown/binding-linux-x64-musl@1.2.4':
    resolution: {integrity: sha512-l9eeLsCNvPpmSXUej0etw/J1eqV0Jj1D5G/xG6YTijmE6dkv6E2QezgWbTfQk63v952DPqrjOCoiqxq7Bw0YUQ==}
    engines: {node: ^20.19.0 || >=22.12.0}
    cpu: [x64]
    os: [linux]
    libc: [musl]

  '@rolldown/binding-openharmony-arm64@1.2.4':
    resolution: {integrity: sha512-e0F355MSTMm3+UOqtV3L24gFUp2N5m1f8L/7d56deik6va+AXdrt9F8LbzGpeWGWRbZEDq4m8NVnJDeBtf9DZg==}
    engines: {node: ^20.19.0 || >=22.12.0}
    cpu: [arm64]
    os: [openharmony]

  '@rolldown/binding-win32-arm64-msvc@1.2.4':
    resolution: {integrity: sha512-AWLi0uBRYh6QlE7OKhiz+phZC0qwtij2QZmhmOdsLdFn64m7oMpooE9ICE3lhm9xMb4SpDo2WbHcxX1iFLFtqw==}
    engines: {node: ^20.19.0 || >=22.12.0}
    cpu: [arm64]
    os: [win32]

  '@rolldown/binding-win32-x64-msvc@1.2.4':
    resolution: {integrity: sha512-UwSDJOg3dqCAejWdxclJjCsh3Qq4vLYMDxmyHqo1btz3stK2VqgwNd3mm5tuIwzSlGIQ/1H9Hr+Zn09mrezNqQ==}
    engines: {node: ^20.19.0 || >=22.12.0}
    cpu: [x64]
    os: [win32]

  '@rolldown/pluginutils@1.0.1':
    resolution: {integrity: sha512-2j9bGt5Jh8hj+vPtgzPtl72j0yRxHAyumoo6TNfAjsLB04UtpSvPbPcDcBMxz7n+9CYB0c1GxQFxYRg2jimqGw==}

  '@rollup/pluginutils@5.4.0':
    resolution: {integrity: sha512-MfPp06CjRLfXQ3wY0R8vJDYBy/MvVcc9OulEfR0B8Iv9ko+GCNaRZ+EpJYFl27LhKsZK0o420sYCRHCjfCgeUg==}
    engines: {node: '>=14.0.0'}
    peerDependencies:
      rollup: ^1.20.0||^2.0.0||^3.0.0||^4.0.0
    peerDependenciesMeta:
      rollup:
        optional: true

  '@types/estree@1.0.9':
    resolution: {integrity: sha512-GhdPgy1el4/ImP05X05Uw4cw2/M93BCUmnEvWZNStlCzEKME4Fkk+YpoA5OiHNQmoS7Cafb8Xa3Pya8m1Qrzeg==}

  '@types/node@24.13.3':
    resolution: {integrity: sha512-Dh8vAsV36ig5wa9OX4pXvMc9D3Veibfw2wix0CUwYODLD8nkj9UsLjASr49nPg+2eKzxhBV+v7L8pXvT4e639Q==}

  '@volar/language-core@2.4.28':
    resolution: {integrity: sha512-w4qhIJ8ZSitgLAkVay6AbcnC7gP3glYM3fYwKV3srj8m494E3xtrCv6E+bWviiK/8hs6e6t1ij1s2Endql7vzQ==}

  '@volar/source-map@2.4.28':
    resolution: {integrity: sha512-yX2BDBqJkRXfKw8my8VarTyjv48QwxdJtvRgUpNE5erCsgEUdI2DsLbpa+rOQVAJYshY99szEcRDmyHbF10ggQ==}

  '@volar/typescript@2.4.28':
    resolution: {integrity: sha512-Ja6yvWrbis2QtN4ClAKreeUZPVYMARDYZl9LMEv1iQ1QdepB6wn0jTRxA9MftYmYa4DQ4k/DaSZpFPUfxl8giw==}
    peerDependencies:
      typescript: '*'
    peerDependenciesMeta:
      typescript:
        optional: true

  acorn@8.18.0:
    resolution: {integrity: sha512-lGq+9yr1/GuAWaVYIHRjvvySG5/4VfKIvC8EWxStPdcDh/Ka7FG3twP6v4d5BkravUilhIAsG4Qj83t02LWUPQ==}
    engines: {node: '>=0.4.0'}
    hasBin: true

  compare-versions@6.1.1:
    resolution: {integrity: sha512-4hm4VPpIecmlg59CHXnRDnqGplJFrbLG4aFEl5vl6cK1u76ws3LLvX7ikFnTDl5vo39sjWD6AaDPYodJp/NNHg==}

  confbox@0.1.8:
    resolution: {integrity: sha512-RMtmw0iFkeR4YV+fUOSucriAQNb9g8zFR52MWCtl+cCZOFRNL6zeB395vPzFhEjjn4fMxXudmELnl/KF/WrK6w==}

  confbox@0.2.4:
    resolution: {integrity: sha512-ysOGlgTFbN2/Y6Cg3Iye8YKulHw+R2fNXHrgSmXISQdMnomY6eNDprVdW9R5xBguEqI954+S6709UyiO7B+6OQ==}

  debug@4.4.3:
    resolution: {integrity: sha512-RGwwWnwQvkVfavKVt22FGLw+xYSdzARwm0ru6DhTVA3umU5hZc28V3kO4stgYryrTlLpuvgI9GiijltAjNbcqA==}
    engines: {node: '>=6.0'}
    peerDependencies:
      supports-color: '*'
    peerDependenciesMeta:
      supports-color:
        optional: true

  detect-libc@2.1.2:
    resolution: {integrity: sha512-Btj2BOOO83o3WyH59e8MgXsxEQVcarkUOpEYrubB0urwnN10yQ364rsiByU11nZlqWYZm05i/of7io4mzihBtQ==}
    engines: {node: '>=8'}

  estree-walker@2.0.2:
    resolution: {integrity: sha512-Rfkk/Mp/DL7JVje3u18FxFujQlTNR2q6QfMSMB7AvCBx91NGj/ba3kCfza0f6dVDbw7YlRf/nDrn7pQrCCyQ/w==}

  exsolve@1.1.1:
    resolution: {integrity: sha512-9U/jZUgjnSGyntRr6y5Muu1MJcwFl6kPu7k8qLF0IMNfLqvw0NZ4nnVDq0RVoZ0RvCyumib4Ez3KYrVfilrw+g==}

  fdir@6.5.0:
    resolution: {integrity: sha512-tIbYtZbucOs0BRGqPJkshJUYdL+SDH7dVM8gjy+ERp3WAUjLEFJE+02kanyHtwjWOnwrKYBiwAmM0p4kLJAnXg==}
    engines: {node: '>=12.0.0'}
    peerDependencies:
      picomatch: ^3 || ^4
    peerDependenciesMeta:
      picomatch:
        optional: true

  fsevents@2.3.3:
    resolution: {integrity: sha512-5xoDfX+fL7faATnagmWPpbFtwh/R77WmMMqqHGS65C3vvB0YHrgF+B1YmZ3441tMj5n63k0212XNoJwzlhffQw==}
    engines: {node: ^8.16.0 || ^10.6.0 || >=11.0.0}
    os: [darwin]

  kolorist@1.8.0:
    resolution: {integrity: sha512-Y+60/zizpJ3HRH8DCss+q95yr6145JXZo46OTpFvDZWLfRCE4qChOyk1b26nMaNpfHHgxagk9dXT5OP0Tfe+dQ==}

  lightningcss-android-arm64@1.33.0:
    resolution: {integrity: sha512-gEpRTalKdosp4Bb8qWtc2iOgE5SeIHlpS1up9bFq2wAyYhl1UdTObYiHe98zEM9SQvSoqQZ1IQD0JNpg3Ml5pg==}
    engines: {node: '>= 12.0.0'}
    cpu: [arm64]
    os: [android]

  lightningcss-darwin-arm64@1.33.0:
    resolution: {integrity: sha512-Sciaz8eenNTKn9b3t7+xr0ipTp9YxKQY4npwQ3mrRuL0BAVHBLyZxofhaKBAVtzmtRZ/zTyo0/to4B1uWG/Djg==}
    engines: {node: '>= 12.0.0'}
    cpu: [arm64]
    os: [darwin]

  lightningcss-darwin-x64@1.33.0:
    resolution: {integrity: sha512-Z5UPAxzrjlWNNyGy6i65cJzzvgJ5D3T6wMvs+gWpY9d7qRhANrxqAp6LhxIgZhWEw18RfJTGcRxjuLIBr+m8XQ==}
    engines: {node: '>= 12.0.0'}
    cpu: [x64]
    os: [darwin]

  lightningcss-freebsd-x64@1.33.0:
    resolution: {integrity: sha512-QQM/Ti/hQajJwCY+RiWuCZ9sdtI/XQk7nDK5vC8kkdwixezOlDgvDx7+RT+QjK6FcFT4MpsuoBnHIo/O3StRRg==}
    engines: {node: '>= 12.0.0'}
    cpu: [x64]
    os: [freebsd]

  lightningcss-linux-arm-gnueabihf@1.33.0:
    resolution: {integrity: sha512-N7FVBe6iS24MlM6R/4RBTxGhQheZGs7tiQ9U32UtF75NzP5Q7xWPRqLBCKxlRQRk3rY1jCIPLzx7WzOhuUIRLQ==}
    engines: {node: '>= 12.0.0'}
    cpu: [arm]
    os: [linux]

  lightningcss-linux-arm64-gnu@1.33.0:
    resolution: {integrity: sha512-j2v/itmy4HlNxlc6voKXYgBqNi0Ng2LShg4z7GufpEgs05P+2suBVyi9I6YHq5uoVFx9ETin3eCEhLVyXGQnKg==}
    engines: {node: '>= 12.0.0'}
    cpu: [arm64]
    os: [linux]
    libc: [glibc]

  lightningcss-linux-arm64-musl@1.33.0:
    resolution: {integrity: sha512-yiO5ROMuYQgXbC60yjZU5CYSFZGKXL0HFATXt9mHJn1+zW55oCtMI9NfcVhYLMFDL7gV7oBPon/EmMMGg2OvtQ==}
    engines: {node: '>= 12.0.0'}
    cpu: [arm64]
    os: [linux]
    libc: [musl]

  lightningcss-linux-x64-gnu@1.33.0:
    resolution: {integrity: sha512-ar+Ju7LmcN0Jo4FpL4hpFybwNG9/3A/Br5KW2n2jyODg3MEZXaDYADdemoNS+BDNfMgKvylJLj4S5tyRActuAg==}
    engines: {node: '>= 12.0.0'}
    cpu: [x64]
    os: [linux]
    libc: [glibc]

  lightningcss-linux-x64-musl@1.33.0:
    resolution: {integrity: sha512-RYiYbkokw0trfKqqzfF55lginwEPrD3OJDfTuJzFs1MK6iFnDenaz1fqLLtX4ITG3OktJQXOeTaw1awrBAlZPw==}
    engines: {node: '>= 12.0.0'}
    cpu: [x64]
    os: [linux]
    libc: [musl]

  lightningcss-win32-arm64-msvc@1.33.0:
    resolution: {integrity: sha512-1K+MPfLSFVpphzpdbfkhlWk6wBrTObBzS2T6db10PNOZgR9GoVsAWzwNyuhUYYbTp23j+4RrncfujZ4uAzXvwA==}
    engines: {node: '>= 12.0.0'}
    cpu: [arm64]
    os: [win32]

  lightningcss-win32-x64-msvc@1.33.0:
    resolution: {integrity: sha512-OlEICDx/Xl0FqSp4bry8zFnCvGpig3Gl4gCquvYwHuqJKEC1+n9NgDniFvqHGmMv1ZkqDJrDqKKSykTDX+ehuA==}
    engines: {node: '>= 12.0.0'}
    cpu: [x64]
    os: [win32]

  lightningcss@1.33.0:
    resolution: {integrity: sha512-WkUDrojuJs0xkgGf2udWxa3yGBRxPtxUkB79i6aCZLRgc7PM8fZe9TosfPDcvEpQZbuFASnHYmRLBLUbmLOIIA==}
    engines: {node: '>= 12.0.0'}

  local-pkg@1.2.1:
    resolution: {integrity: sha512-++gUqRDEvcnN6Zhqrr+y/CkVEHhlrR96vZn3nZZPYzMcBUyBtTKzB9NadClFIsIVSsu+3i9tfk/erqy9kAmt7Q==}
    engines: {node: '>=14'}

  magic-string@0.30.21:
    resolution: {integrity: sha512-vd2F4YUyEXKGcLHoq+TEyCjxueSeHnFxyyjNp80yg0XV4vUhnDer/lvvlqM/arB5bXQN5K2/3oinyCRyx8T2CQ==}

  mlly@1.8.2:
    resolution: {integrity: sha512-d+ObxMQFmbt10sretNDytwt85VrbkhhUA/JBGm1MPaWJ65Cl4wOgLaB1NYvJSZ0Ef03MMEU/0xpPMXUIQ29UfA==}

  ms@2.1.3:
    resolution: {integrity: sha512-6FlzubTLZG3J2a/NVCAleEhjzq5oxgHyaCU9yYXvcLsvoVaHJq/s5xXI6/XXP6tz7R9xAOtHnSO/tXtF3WRTlA==}

  nanoid@3.3.18:
    resolution: {integrity: sha512-DTg4MJbGMWkfi6VZFdNt2/caMbQy4Ou+Op/hJQvGEWcnVfoA1QA+xzRKAzw9jD6+GVOOeYr/mIcuDSdug6F6+w==}
    engines: {node: ^10 || ^12 || ^13.7 || ^14 || >=15.0.1}
    hasBin: true

  oxfmt@0.63.0:
    resolution: {integrity: sha512-kgdDwv35wvVf6554U2Ab8Jnd0zTM+TsEQWwaB70RAjK3gICFAFGO+2Hd3Be27GMoXj3XRL9IKSNRVl7KBQL6iw==}
    engines: {node: ^20.19.0 || >=22.12.0}
    hasBin: true
    peerDependencies:
      svelte: ^5.0.0
      vite-plus: '*'
    peerDependenciesMeta:
      svelte:
        optional: true
      vite-plus:
        optional: true

  oxlint-tsgolint@7.0.2001:
    resolution: {integrity: sha512-KjK/XLcXr1DSyonKhsuFqJRiuKqcyG9j3LJ8nkOsrLzGvodBPqzHOKauy10asLMDI0sUpvb+1sxlzff3udZvfg==}
    hasBin: true

  oxlint@1.78.0:
    resolution: {integrity: sha512-QgQePuxIqKOzo1KSjG2EnITEeWvWnKAm77eq8nrMtf6AGoA+zyGc4PFYtDNJSD25g/ibOwfQ851hZ4/SPkMVoA==}
    engines: {node: ^20.19.0 || >=22.12.0}
    hasBin: true
    peerDependencies:
      oxlint-tsgolint: '>=7.0.2001'
      vite-plus: '*'
    peerDependenciesMeta:
      oxlint-tsgolint:
        optional: true
      vite-plus:
        optional: true

  path-browserify@1.0.1:
    resolution: {integrity: sha512-b7uo2UCUOYZcnF/3ID0lulOJi/bafxa1xPe7ZPsammBSpjSWQkjNxlt635YGS2MiR9GjvuXCtz2emr3jbsz98g==}

  pathe@2.0.3:
    resolution: {integrity: sha512-WUjGcAqP1gQacoQe+OBJsFA7Ld4DyXuUIjZ5cc75cLHvJ7dtNsTugphxIADwspS+AraAUePCKrSVtPLFj/F88w==}

  picocolors@1.1.1:
    resolution: {integrity: sha512-xceH2snhtb5M9liqDsmEw56le376mTZkEX/jEb/RxNFyegNul7eNslCXP9FDj/Lcu0X8KEyMceP2ntpaHrDEVA==}

  picomatch@4.0.5:
    resolution: {integrity: sha512-RvwwcruNjI1ncT5xRakeyS9Lf8lcItv34KD+aif+VH9kduAyfYBipGh12274xtenIPZ119/R9BdTBa8gAwSh0A==}
    engines: {node: '>=12'}

  pkg-types@1.3.1:
    resolution: {integrity: sha512-/Jm5M4RvtBFVkKWRu2BLUTNP8/M2a+UwuAX+ae4770q1qVGtfjG+WTCupoZixokjmHiry8uI+dlY8KXYV5HVVQ==}

  pkg-types@2.3.1:
    resolution: {integrity: sha512-y+ichcgc2LrADuhLNAx8DFjVfgz91pRxfZdI3UDhxHvcVEZsenLO+7XaU5vOp0u/7V/wZ+plyuQxtrDlZJ+yeg==}

  postcss@8.5.26:
    resolution: {integrity: sha512-u82N74LFzG8ca+dD8puPnplTXoGH4fTPpVGuIbt36G3qvNlkvfD0lEAZSxaly3KX8TS/L1A1gsCEmvKmBcVbkQ==}
    engines: {node: ^10 || ^12 || >=14}

  quansync@0.2.11:
    resolution: {integrity: sha512-AifT7QEbW9Nri4tAwR5M/uzpBuqfZf+zwaEM/QkzEjj7NBuFD2rBuy0K3dE+8wltbezDV7JMA0WfnCPYRSYbXA==}

  rolldown@1.2.4:
    resolution: {integrity: sha512-rSr7irW0K7QRWzjdJXqZowkcRdDtjRduh43rBltnVKd0VFq839l1lJoDvGJb6gl7+4rTTCrPWu+YfujUL8Ug7w==}
    engines: {node: ^20.19.0 || >=22.12.0}
    hasBin: true

  source-map-js@1.2.1:
    resolution: {integrity: sha512-UXWMKhLOwVKb728IUtQPXxfYU+usdybtUrK/8uGE8CQMvrhOpwvzDBwj0QhSL7MQc7vIsISBG8VQ8+IDQxpfQA==}
    engines: {node: '>=0.10.0'}

  tinyglobby@0.2.17:
    resolution: {integrity: sha512-wXR/dYpcqKmfWpEdZjiKJOwCNFndD0DMnrW/cYjVGttEkBfVgcLFHoNrlj47mjOVic9yyNu65alsgF4NQyTa2g==}
    engines: {node: '>=12.0.0'}

  tinypool@2.1.0:
    resolution: {integrity: sha512-Pugqs6M0m7Lv1I7FtxN4aoyToKg1C4tu+/381vH35y8oENM/Ai7f7C4StcoK4/+BSw9ebcS8jRiVrORFKCALLw==}
    engines: {node: ^20.0.0 || >=22.0.0}

  typescript@6.0.3:
    resolution: {integrity: sha512-y2TvuxSZPDyQakkFRPZHKFm+KKVqIisdg9/CZwm9ftvKXLP8NRWj38/ODjNbr43SsoXqNuAisEf1GdCxqWcdBw==}
    engines: {node: '>=14.17'}
    hasBin: true

  ufo@1.6.4:
    resolution: {integrity: sha512-JFNbkD1Svwe0KvGi8GOeLcP4kAWQ609twvCdcHxq1oSL8svv39ZuSvajcD8B+5D0eL4+s1Is2D/O6KN3qcTeRA==}

  undici-types@7.18.2:
    resolution: {integrity: sha512-AsuCzffGHJybSaRrmr5eHr81mwJU3kjw6M+uprWvCXiNeN9SOGwQ3Jn8jb8m3Z6izVgknn1R0FTCEAP2QrLY/w==}

  unplugin-dts@1.0.3:
    resolution: {integrity: sha512-/GR887wfG4r1cWyt1UZsLRuMIjsmEbGkS9yJrz+0dsToHAYUD5CTyP3JMGVLv25j9K0mJcwAVvZno/aTuSUvNg==}
    peerDependencies:
      '@microsoft/api-extractor': '>=7'
      '@rspack/core': ^1
      '@vue/language-core': ^3.1.5
      esbuild: '*'
      rolldown: '*'
      rollup: '>=3'
      typescript: '>=4'
      vite: '>=3'
      webpack: ^4 || ^5
    peerDependenciesMeta:
      '@microsoft/api-extractor':
        optional: true
      '@rspack/core':
        optional: true
      '@vue/language-core':
        optional: true
      esbuild:
        optional: true
      rolldown:
        optional: true
      rollup:
        optional: true
      vite:
        optional: true
      webpack:
        optional: true

  unplugin@2.3.11:
    resolution: {integrity: sha512-5uKD0nqiYVzlmCRs01Fhs2BdkEgBS3SAVP6ndrBsuK42iC2+JHyxM05Rm9G8+5mkmRtzMZGY8Ct5+mliZxU/Ww==}
    engines: {node: '>=18.12.0'}

  vite@8.2.1:
    resolution: {integrity: sha512-EU/eS7BH3XROHh2YnBefjM6DBKA6ZeMZEYQbj7NLWg5wHYlhB8B/Mayd5XsgWq+NFYccDOTemRpdETWR6Ka/lw==}
    engines: {node: ^20.19.0 || >=22.12.0}
    hasBin: true
    peerDependencies:
      '@types/node': ^20.19.0 || >=22.12.0
      '@vitejs/devtools': ^0.4.0
      esbuild: ^0.27.0 || ^0.28.0
      jiti: '>=1.21.0'
      less: ^4.0.0
      sass: ^1.70.0
      sass-embedded: ^1.70.0
      stylus: '>=0.54.8'
      sugarss: ^5.0.0
      terser: ^5.16.0
      tsx: ^4.8.1
      yaml: ^2.4.2
    peerDependenciesMeta:
      '@types/node':
        optional: true
      '@vitejs/devtools':
        optional: true
      esbuild:
        optional: true
      jiti:
        optional: true
      less:
        optional: true
      sass:
        optional: true
      sass-embedded:
        optional: true
      stylus:
        optional: true
      sugarss:
        optional: true
      terser:
        optional: true
      tsx:
        optional: true
      yaml:
        optional: true

  vscode-uri@3.1.0:
    resolution: {integrity: sha512-/BpdSx+yCQGnCvecbyXdxHDkuk55/G3xwnC0GqY4gmQ3j+A+g8kzzgB4Nk/SINjqn6+waqw3EgbVF2QKExkRxQ==}

  webpack-virtual-modules@0.6.2:
    resolution: {integrity: sha512-66/V2i5hQanC51vBQKPH4aI8NMAcBW59FVBs+rC7eGHupMyfn34q7rZIE+ETlJ+XTevqfUhVVBgSUNSW2flEUQ==}

snapshots:

  '@jridgewell/gen-mapping@0.3.13':
    dependencies:
      '@jridgewell/sourcemap-codec': 1.5.5
      '@jridgewell/trace-mapping': 0.3.31

  '@jridgewell/remapping@2.3.5':
    dependencies:
      '@jridgewell/gen-mapping': 0.3.13
      '@jridgewell/trace-mapping': 0.3.31

  '@jridgewell/resolve-uri@3.1.2': {}

  '@jridgewell/sourcemap-codec@1.5.5': {}

  '@jridgewell/trace-mapping@0.3.31':
    dependencies:
      '@jridgewell/resolve-uri': 3.1.2
      '@jridgewell/sourcemap-codec': 1.5.5

  '@oxc-project/types@0.144.0': {}

  '@oxfmt/binding-android-arm-eabi@0.63.0':
    optional: true

  '@oxfmt/binding-android-arm64@0.63.0':
    optional: true

  '@oxfmt/binding-darwin-arm64@0.63.0':
    optional: true

  '@oxfmt/binding-darwin-x64@0.63.0':
    optional: true

  '@oxfmt/binding-freebsd-x64@0.63.0':
    optional: true

  '@oxfmt/binding-linux-arm-gnueabihf@0.63.0':
    optional: true

  '@oxfmt/binding-linux-arm-musleabihf@0.63.0':
    optional: true

  '@oxfmt/binding-linux-arm64-gnu@0.63.0':
    optional: true

  '@oxfmt/binding-linux-arm64-musl@0.63.0':
    optional: true

  '@oxfmt/binding-linux-ppc64-gnu@0.63.0':
    optional: true

  '@oxfmt/binding-linux-riscv64-gnu@0.63.0':
    optional: true

  '@oxfmt/binding-linux-riscv64-musl@0.63.0':
    optional: true

  '@oxfmt/binding-linux-s390x-gnu@0.63.0':
    optional: true

  '@oxfmt/binding-linux-x64-gnu@0.63.0':
    optional: true

  '@oxfmt/binding-linux-x64-musl@0.63.0':
    optional: true

  '@oxfmt/binding-openharmony-arm64@0.63.0':
    optional: true

  '@oxfmt/binding-win32-arm64-msvc@0.63.0':
    optional: true

  '@oxfmt/binding-win32-ia32-msvc@0.63.0':
    optional: true

  '@oxfmt/binding-win32-x64-msvc@0.63.0':
    optional: true

  '@oxlint-tsgolint/darwin-arm64@7.0.2001':
    optional: true

  '@oxlint-tsgolint/darwin-x64@7.0.2001':
    optional: true

  '@oxlint-tsgolint/linux-arm64@7.0.2001':
    optional: true

  '@oxlint-tsgolint/linux-x64@7.0.2001':
    optional: true

  '@oxlint-tsgolint/win32-arm64@7.0.2001':
    optional: true

  '@oxlint-tsgolint/win32-x64@7.0.2001':
    optional: true

  '@oxlint/binding-android-arm-eabi@1.78.0':
    optional: true

  '@oxlint/binding-android-arm64@1.78.0':
    optional: true

  '@oxlint/binding-darwin-arm64@1.78.0':
    optional: true

  '@oxlint/binding-darwin-x64@1.78.0':
    optional: true

  '@oxlint/binding-freebsd-x64@1.78.0':
    optional: true

  '@oxlint/binding-linux-arm-gnueabihf@1.78.0':
    optional: true

  '@oxlint/binding-linux-arm-musleabihf@1.78.0':
    optional: true

  '@oxlint/binding-linux-arm64-gnu@1.78.0':
    optional: true

  '@oxlint/binding-linux-arm64-musl@1.78.0':
    optional: true

  '@oxlint/binding-linux-ppc64-gnu@1.78.0':
    optional: true

  '@oxlint/binding-linux-riscv64-gnu@1.78.0':
    optional: true

  '@oxlint/binding-linux-riscv64-musl@1.78.0':
    optional: true

  '@oxlint/binding-linux-s390x-gnu@1.78.0':
    optional: true

  '@oxlint/binding-linux-x64-gnu@1.78.0':
    optional: true

  '@oxlint/binding-linux-x64-musl@1.78.0':
    optional: true

  '@oxlint/binding-openharmony-arm64@1.78.0':
    optional: true

  '@oxlint/binding-win32-arm64-msvc@1.78.0':
    optional: true

  '@oxlint/binding-win32-ia32-msvc@1.78.0':
    optional: true

  '@oxlint/binding-win32-x64-msvc@1.78.0':
    optional: true

  '@rolldown/binding-android-arm64@1.2.4':
    optional: true

  '@rolldown/binding-darwin-arm64@1.2.4':
    optional: true

  '@rolldown/binding-darwin-x64@1.2.4':
    optional: true

  '@rolldown/binding-freebsd-x64@1.2.4':
    optional: true

  '@rolldown/binding-linux-arm-gnueabihf@1.2.4':
    optional: true

  '@rolldown/binding-linux-arm64-gnu@1.2.4':
    optional: true

  '@rolldown/binding-linux-arm64-musl@1.2.4':
    optional: true

  '@rolldown/binding-linux-ppc64-gnu@1.2.4':
    optional: true

  '@rolldown/binding-linux-s390x-gnu@1.2.4':
    optional: true

  '@rolldown/binding-linux-x64-gnu@1.2.4':
    optional: true

  '@rolldown/binding-linux-x64-musl@1.2.4':
    optional: true

  '@rolldown/binding-openharmony-arm64@1.2.4':
    optional: true

  '@rolldown/binding-win32-arm64-msvc@1.2.4':
    optional: true

  '@rolldown/binding-win32-x64-msvc@1.2.4':
    optional: true

  '@rolldown/pluginutils@1.0.1': {}

  '@rollup/pluginutils@5.4.0':
    dependencies:
      '@types/estree': 1.0.9
      estree-walker: 2.0.2
      picomatch: 4.0.5

  '@types/estree@1.0.9': {}

  '@types/node@24.13.3':
    dependencies:
      undici-types: 7.18.2

  '@volar/language-core@2.4.28':
    dependencies:
      '@volar/source-map': 2.4.28

  '@volar/source-map@2.4.28': {}

  '@volar/typescript@2.4.28(typescript@6.0.3)':
    dependencies:
      '@volar/language-core': 2.4.28
      path-browserify: 1.0.1
      vscode-uri: 3.1.0
    optionalDependencies:
      typescript: 6.0.3

  acorn@8.18.0: {}

  compare-versions@6.1.1: {}

  confbox@0.1.8: {}

  confbox@0.2.4: {}

  debug@4.4.3:
    dependencies:
      ms: 2.1.3

  detect-libc@2.1.2: {}

  estree-walker@2.0.2: {}

  exsolve@1.1.1: {}

  fdir@6.5.0(picomatch@4.0.5):
    optionalDependencies:
      picomatch: 4.0.5

  fsevents@2.3.3:
    optional: true

  kolorist@1.8.0: {}

  lightningcss-android-arm64@1.33.0:
    optional: true

  lightningcss-darwin-arm64@1.33.0:
    optional: true

  lightningcss-darwin-x64@1.33.0:
    optional: true

  lightningcss-freebsd-x64@1.33.0:
    optional: true

  lightningcss-linux-arm-gnueabihf@1.33.0:
    optional: true

  lightningcss-linux-arm64-gnu@1.33.0:
    optional: true

  lightningcss-linux-arm64-musl@1.33.0:
    optional: true

  lightningcss-linux-x64-gnu@1.33.0:
    optional: true

  lightningcss-linux-x64-musl@1.33.0:
    optional: true

  lightningcss-win32-arm64-msvc@1.33.0:
    optional: true

  lightningcss-win32-x64-msvc@1.33.0:
    optional: true

  lightningcss@1.33.0:
    dependencies:
      detect-libc: 2.1.2
    optionalDependencies:
      lightningcss-android-arm64: 1.33.0
      lightningcss-darwin-arm64: 1.33.0
      lightningcss-darwin-x64: 1.33.0
      lightningcss-freebsd-x64: 1.33.0
      lightningcss-linux-arm-gnueabihf: 1.33.0
      lightningcss-linux-arm64-gnu: 1.33.0
      lightningcss-linux-arm64-musl: 1.33.0
      lightningcss-linux-x64-gnu: 1.33.0
      lightningcss-linux-x64-musl: 1.33.0
      lightningcss-win32-arm64-msvc: 1.33.0
      lightningcss-win32-x64-msvc: 1.33.0

  local-pkg@1.2.1:
    dependencies:
      mlly: 1.8.2
      pkg-types: 2.3.1
      quansync: 0.2.11

  magic-string@0.30.21:
    dependencies:
      '@jridgewell/sourcemap-codec': 1.5.5

  mlly@1.8.2:
    dependencies:
      acorn: 8.18.0
      pathe: 2.0.3
      pkg-types: 1.3.1
      ufo: 1.6.4

  ms@2.1.3: {}

  nanoid@3.3.18: {}

  oxfmt@0.63.0:
    dependencies:
      tinypool: 2.1.0
    optionalDependencies:
      '@oxfmt/binding-android-arm-eabi': 0.63.0
      '@oxfmt/binding-android-arm64': 0.63.0
      '@oxfmt/binding-darwin-arm64': 0.63.0
      '@oxfmt/binding-darwin-x64': 0.63.0
      '@oxfmt/binding-freebsd-x64': 0.63.0
      '@oxfmt/binding-linux-arm-gnueabihf': 0.63.0
      '@oxfmt/binding-linux-arm-musleabihf': 0.63.0
      '@oxfmt/binding-linux-arm64-gnu': 0.63.0
      '@oxfmt/binding-linux-arm64-musl': 0.63.0
      '@oxfmt/binding-linux-ppc64-gnu': 0.63.0
      '@oxfmt/binding-linux-riscv64-gnu': 0.63.0
      '@oxfmt/binding-linux-riscv64-musl': 0.63.0
      '@oxfmt/binding-linux-s390x-gnu': 0.63.0
      '@oxfmt/binding-linux-x64-gnu': 0.63.0
      '@oxfmt/binding-linux-x64-musl': 0.63.0
      '@oxfmt/binding-openharmony-arm64': 0.63.0
      '@oxfmt/binding-win32-arm64-msvc': 0.63.0
      '@oxfmt/binding-win32-ia32-msvc': 0.63.0
      '@oxfmt/binding-win32-x64-msvc': 0.63.0

  oxlint-tsgolint@7.0.2001:
    optionalDependencies:
      '@oxlint-tsgolint/darwin-arm64': 7.0.2001
      '@oxlint-tsgolint/darwin-x64': 7.0.2001
      '@oxlint-tsgolint/linux-arm64': 7.0.2001
      '@oxlint-tsgolint/linux-x64': 7.0.2001
      '@oxlint-tsgolint/win32-arm64': 7.0.2001
      '@oxlint-tsgolint/win32-x64': 7.0.2001

  oxlint@1.78.0(oxlint-tsgolint@7.0.2001):
    optionalDependencies:
      '@oxlint/binding-android-arm-eabi': 1.78.0
      '@oxlint/binding-android-arm64': 1.78.0
      '@oxlint/binding-darwin-arm64': 1.78.0
      '@oxlint/binding-darwin-x64': 1.78.0
      '@oxlint/binding-freebsd-x64': 1.78.0
      '@oxlint/binding-linux-arm-gnueabihf': 1.78.0
      '@oxlint/binding-linux-arm-musleabihf': 1.78.0
      '@oxlint/binding-linux-arm64-gnu': 1.78.0
      '@oxlint/binding-linux-arm64-musl': 1.78.0
      '@oxlint/binding-linux-ppc64-gnu': 1.78.0
      '@oxlint/binding-linux-riscv64-gnu': 1.78.0
      '@oxlint/binding-linux-riscv64-musl': 1.78.0
      '@oxlint/binding-linux-s390x-gnu': 1.78.0
      '@oxlint/binding-linux-x64-gnu': 1.78.0
      '@oxlint/binding-linux-x64-musl': 1.78.0
      '@oxlint/binding-openharmony-arm64': 1.78.0
      '@oxlint/binding-win32-arm64-msvc': 1.78.0
      '@oxlint/binding-win32-ia32-msvc': 1.78.0
      '@oxlint/binding-win32-x64-msvc': 1.78.0
      oxlint-tsgolint: 7.0.2001

  path-browserify@1.0.1: {}

  pathe@2.0.3: {}

  picocolors@1.1.1: {}

  picomatch@4.0.5: {}

  pkg-types@1.3.1:
    dependencies:
      confbox: 0.1.8
      mlly: 1.8.2
      pathe: 2.0.3

  pkg-types@2.3.1:
    dependencies:
      confbox: 0.2.4
      exsolve: 1.1.1
      pathe: 2.0.3

  postcss@8.5.26:
    dependencies:
      nanoid: 3.3.18
      picocolors: 1.1.1
      source-map-js: 1.2.1

  quansync@0.2.11: {}

  rolldown@1.2.4:
    dependencies:
      '@oxc-project/types': 0.144.0
      '@rolldown/pluginutils': 1.0.1
    optionalDependencies:
      '@rolldown/binding-android-arm64': 1.2.4
      '@rolldown/binding-darwin-arm64': 1.2.4
      '@rolldown/binding-darwin-x64': 1.2.4
      '@rolldown/binding-freebsd-x64': 1.2.4
      '@rolldown/binding-linux-arm-gnueabihf': 1.2.4
      '@rolldown/binding-linux-arm64-gnu': 1.2.4
      '@rolldown/binding-linux-arm64-musl': 1.2.4
      '@rolldown/binding-linux-ppc64-gnu': 1.2.4
      '@rolldown/binding-linux-s390x-gnu': 1.2.4
      '@rolldown/binding-linux-x64-gnu': 1.2.4
      '@rolldown/binding-linux-x64-musl': 1.2.4
      '@rolldown/binding-openharmony-arm64': 1.2.4
      '@rolldown/binding-win32-arm64-msvc': 1.2.4
      '@rolldown/binding-win32-x64-msvc': 1.2.4

  source-map-js@1.2.1: {}

  tinyglobby@0.2.17:
    dependencies:
      fdir: 6.5.0(picomatch@4.0.5)
      picomatch: 4.0.5

  tinypool@2.1.0: {}

  typescript@6.0.3: {}

  ufo@1.6.4: {}

  undici-types@7.18.2: {}

  unplugin-dts@1.0.3(rolldown@1.2.4)(typescript@6.0.3)(vite@8.2.1(@types/node@24.13.3)):
    dependencies:
      '@rollup/pluginutils': 5.4.0
      '@volar/typescript': 2.4.28(typescript@6.0.3)
      compare-versions: 6.1.1
      debug: 4.4.3
      kolorist: 1.8.0
      local-pkg: 1.2.1
      magic-string: 0.30.21
      typescript: 6.0.3
      unplugin: 2.3.11
    optionalDependencies:
      rolldown: 1.2.4
      vite: 8.2.1(@types/node@24.13.3)
    transitivePeerDependencies:
      - supports-color

  unplugin@2.3.11:
    dependencies:
      '@jridgewell/remapping': 2.3.5
      acorn: 8.18.0
      picomatch: 4.0.5
      webpack-virtual-modules: 0.6.2

  vite@8.2.1(@types/node@24.13.3):
    dependencies:
      lightningcss: 1.33.0
      picomatch: 4.0.5
      postcss: 8.5.26
      rolldown: 1.2.4
      tinyglobby: 0.2.17
    optionalDependencies:
      '@types/node': 24.13.3
      fsevents: 2.3.3

  vscode-uri@3.1.0: {}

  webpack-virtual-modules@0.6.2: {}
